
Microsoft Visual Studio Solution File, Format Version 12.00
# Visual Studio Version 17
VisualStudioVersion = 17.8.34525.116
MinimumVisualStudioVersion = 10.0.40219.1
Project("{FAE04EC0-301F-11D3-BF4B-00C04F79EFBC}") = "ConsoleCs", "ConsoleCs.csproj", "{F3BBCB51-585F-4F32-B4CC-8F0BC95BA442}"
EndProject
Global
	GlobalSection(SolutionConfigurationPlatforms) = preSolution
		Debug|Any CPU = Debug|Any CPU
		Release|Any CPU = Release|Any CPU
	EndGlobalSection
	GlobalSection(ProjectConfigurationPlatforms) = postSolution
		{F3BBCB51-585F-4F32-B4CC-8F0BC95BA442}.Debug|Any CPU.ActiveCfg = Debug|Any CPU
		{F3BBCB51-585F-4F32-B4CC-8F0BC95BA442}.Debug|Any CPU.Build.0 = Debug|Any CPU
		{F3BBCB51-585F-4F32-B4CC-8F0BC95BA442}.Release|Any CPU.ActiveCfg = Release|Any CPU
		{F3BBCB51-585F-4F32-B4CC-8F0BC95BA442}.Release|Any CPU.Build.0 = Release|Any CPU
	EndGlobalSection
	GlobalSection(SolutionProperties) = preSolution
		HideSolutionNode = FALSE
	EndGlobalSection
	GlobalSection(ExtensibilityGlobals) = postSolution
		SolutionGuid = {72DD1A30-18B4-40C4-B359-DCDDCBE66E8D}
	EndGlobalSection
EndGlobal
